
Microsoft Visual Studio Solution File, Format Version 12.00
# Visual Studio Version 17
VisualStudioVersion = 17.12.35707.178
MinimumVisualStudioVersion = 10.0.40219.1
Project("{8BC9CEB8-8B4A-11D0-8D11-00A0C91BC942}") = "2cpp", "2cpp\2cpp.vcxproj", "{53267C02-6CD1-4B7E-978E-A847A9F1E398}"
EndProject
Project("{8BC9CEB8-8B4A-11D0-8D11-00A0C91BC942}") = "BaseClasses", "BaseClasses\BaseClasses.vcxproj", "{653ECB2F-2270-4FF3-BB5C-245C41163B80}"
EndProject
Project("{8BC9CEB8-8B4A-11D0-8D11-00A0C91BC942}") = "1cpp", "1cpp\1cpp.vcxproj", "{3E0FA82D-1EE3-4E06-A5B9-C529BF1A7B0B}"
EndProject
Project("{8BC9CEB8-8B4A-11D0-8D11-00A0C91BC942}") = "TestGen", "TestGen\TestGen.vcxproj", "{B3F2FE38-5B0C-4926-A394-5415A254CABB}"
EndProject
Project("{8BC9CEB8-8B4A-11D0-8D11-00A0C91BC942}") = "3cpp", "3cpp\3cpp.vcxproj", "{EB6CFAC4-6C8A-4BD9-9B01-C57C9413549A}"
EndProject
Project("{8BC9CEB8-8B4A-11D0-8D11-00A0C91BC942}") = "4cpp", "4\4.vcxproj", "{09F4C796-8B52-40DD-84A7-77C151F7DEB8}"
EndProject
Project("{8BC9CEB8-8B4A-11D0-8D11-00A0C91BC942}") = "5cpp", "5cpp\5cpp.vcxproj", "{78B6BDE5-449F-4801-819F-C7EBFD001B7D}"
EndProject
Project("{8BC9CEB8-8B4A-11D0-8D11-00A0C91BC942}") = "6cpp", "6cpp\6cpp.vcxproj", "{B915AB0A-3CCD-4CEB-9D03-97EB01610225}"
EndProject
Project("{8BC9CEB8-8B4A-11D0-8D11-00A0C91BC942}") = "7cpp", "7cpp\7cpp.vcxproj", "{FE5FF66A-2F09-492E-BE0C-2DF773CB133D}"
EndProject
Project("{8BC9CEB8-8B4A-11D0-8D11-00A0C91BC942}") = "8cpp", "8cpp\8cpp.vcxproj", "{237D8A10-63BF-45E6-A2D1-FB7B454B4B3D}"
EndProject
Project("{8BC9CEB8-8B4A-11D0-8D11-00A0C91BC942}") = "9cpp", "9cpp\9cpp.vcxproj", "{043D67DA-ACE3-4A16-85BB-2FF567447643}"
EndProject
Project("{8BC9CEB8-8B4A-11D0-8D11-00A0C91BC942}") = "10cpp", "10cpp\10cpp.vcxproj", "{EFDEFD8F-D2E2-4A07-BFB0-E3D72F29E916}"
EndProject
Project("{8BC9CEB8-8B4A-11D0-8D11-00A0C91BC942}") = "11cpp", "11cpp\11cpp.vcxproj", "{A5CD4733-0265-40AE-A258-3196A76E53E3}"
EndProject
Project("{8BC9CEB8-8B4A-11D0-8D11-00A0C91BC942}") = "12cpp", "12cpp\12cpp.vcxproj", "{0FBAD874-5243-4496-8293-CFDA367A374B}"
EndProject
Project("{8BC9CEB8-8B4A-11D0-8D11-00A0C91BC942}") = "13cpp", "13cpp\13cpp.vcxproj", "{ACBB0F0B-D9D4-48F5-867E-CCF7C728B454}"
EndProject
Project("{8BC9CEB8-8B4A-11D0-8D11-00A0C91BC942}") = "14cpp", "14cpp\14cpp.vcxproj", "{AE9BB89F-654B-4C63-9910-E8810D355A88}"
EndProject
Project("{8BC9CEB8-8B4A-11D0-8D11-00A0C91BC942}") = "16cpp", "16cpp\16cpp.vcxproj", "{548F7792-F20C-40C1-80A3-D7936BFCB1BC}"
EndProject
Project("{8BC9CEB8-8B4A-11D0-8D11-00A0C91BC942}") = "15cpp", "15cpp\15cpp.vcxproj", "{FE31600E-7B8F-4712-BC4C-C9FF9A250E98}"
EndProject
Project("{8BC9CEB8-8B4A-11D0-8D11-00A0C91BC942}") = "17cpp", "17cpp\17cpp.vcxproj", "{08443BCA-8A55-4A43-98FF-47CA28CD1D01}"
EndProject
Project("{8BC9CEB8-8B4A-11D0-8D11-00A0C91BC942}") = "18cpp", "18cpp\18cpp.vcxproj", "{983CCFAA-5114-42ED-AC20-296B5FF0C3F4}"
EndProject
Project("{8BC9CEB8-8B4A-11D0-8D11-00A0C91BC942}") = "19cpp", "19cpp\19cpp.vcxproj", "{4D6E54DE-6B14-4AA0-A147-09538359EA00}"
EndProject
Project("{8BC9CEB8-8B4A-11D0-8D11-00A0C91BC942}") = "20cpp", "20cpp\20cpp.vcxproj", "{4089FEE0-8BD9-4760-9598-14D39750E852}"
EndProject
Global
	GlobalSection(SolutionConfigurationPlatforms) = preSolution
		Debug|x64 = Debug|x64
		Debug|x86 = Debug|x86
		Release|x64 = Release|x64
		Release|x86 = Release|x86
	EndGlobalSection
	GlobalSection(ProjectConfigurationPlatforms) = postSolution
		{53267C02-6CD1-4B7E-978E-A847A9F1E398}.Debug|x64.ActiveCfg = Debug|x64
		{53267C02-6CD1-4B7E-978E-A847A9F1E398}.Debug|x64.Build.0 = Debug|x64
		{53267C02-6CD1-4B7E-978E-A847A9F1E398}.Debug|x86.ActiveCfg = Debug|Win32
		{53267C02-6CD1-4B7E-978E-A847A9F1E398}.Debug|x86.Build.0 = Debug|Win32
		{53267C02-6CD1-4B7E-978E-A847A9F1E398}.Release|x64.ActiveCfg = Release|x64
		{53267C02-6CD1-4B7E-978E-A847A9F1E398}.Release|x64.Build.0 = Release|x64
		{53267C02-6CD1-4B7E-978E-A847A9F1E398}.Release|x86.ActiveCfg = Release|Win32
		{53267C02-6CD1-4B7E-978E-A847A9F1E398}.Release|x86.Build.0 = Release|Win32
		{653ECB2F-2270-4FF3-BB5C-245C41163B80}.Debug|x64.ActiveCfg = Debug|x64
		{653ECB2F-2270-4FF3-BB5C-245C41163B80}.Debug|x64.Build.0 = Debug|x64
		{653ECB2F-2270-4FF3-BB5C-245C41163B80}.Debug|x86.ActiveCfg = Debug|Win32
		{653ECB2F-2270-4FF3-BB5C-245C41163B80}.Debug|x86.Build.0 = Debug|Win32
		{653ECB2F-2270-4FF3-BB5C-245C41163B80}.Release|x64.ActiveCfg = Release|x64
		{653ECB2F-2270-4FF3-BB5C-245C41163B80}.Release|x64.Build.0 = Release|x64
		{653ECB2F-2270-4FF3-BB5C-245C41163B80}.Release|x86.ActiveCfg = Release|Win32
		{653ECB2F-2270-4FF3-BB5C-245C41163B80}.Release|x86.Build.0 = Release|Win32
		{3E0FA82D-1EE3-4E06-A5B9-C529BF1A7B0B}.Debug|x64.ActiveCfg = Debug|x64
		{3E0FA82D-1EE3-4E06-A5B9-C529BF1A7B0B}.Debug|x64.Build.0 = Debug|x64
		{3E0FA82D-1EE3-4E06-A5B9-C529BF1A7B0B}.Debug|x86.ActiveCfg = Debug|Win32
		{3E0FA82D-1EE3-4E06-A5B9-C529BF1A7B0B}.Debug|x86.Build.0 = Debug|Win32
		{3E0FA82D-1EE3-4E06-A5B9-C529BF1A7B0B}.Release|x64.ActiveCfg = Release|x64
		{3E0FA82D-1EE3-4E06-A5B9-C529BF1A7B0B}.Release|x64.Build.0 = Release|x64
		{3E0FA82D-1EE3-4E06-A5B9-C529BF1A7B0B}.Release|x86.ActiveCfg = Release|Win32
		{3E0FA82D-1EE3-4E06-A5B9-C529BF1A7B0B}.Release|x86.Build.0 = Release|Win32
		{B3F2FE38-5B0C-4926-A394-5415A254CABB}.Debug|x64.ActiveCfg = Debug|x64
		{B3F2FE38-5B0C-4926-A394-5415A254CABB}.Debug|x64.Build.0 = Debug|x64
		{B3F2FE38-5B0C-4926-A394-5415A254CABB}.Debug|x86.ActiveCfg = Debug|Win32
		{B3F2FE38-5B0C-4926-A394-5415A254CABB}.Debug|x86.Build.0 = Debug|Win32
		{B3F2FE38-5B0C-4926-A394-5415A254CABB}.Release|x64.ActiveCfg = Release|x64
		{B3F2FE38-5B0C-4926-A394-5415A254CABB}.Release|x64.Build.0 = Release|x64
		{B3F2FE38-5B0C-4926-A394-5415A254CABB}.Release|x86.ActiveCfg = Release|Win32
		{B3F2FE38-5B0C-4926-A394-5415A254CABB}.Release|x86.Build.0 = Release|Win32
		{EB6CFAC4-6C8A-4BD9-9B01-C57C9413549A}.Debug|x64.ActiveCfg = Debug|x64
		{EB6CFAC4-6C8A-4BD9-9B01-C57C9413549A}.Debug|x64.Build.0 = Debug|x64
		{EB6CFAC4-6C8A-4BD9-9B01-C57C9413549A}.Debug|x86.ActiveCfg = Debug|Win32
		{EB6CFAC4-6C8A-4BD9-9B01-C57C9413549A}.Debug|x86.Build.0 = Debug|Win32
		{EB6CFAC4-6C8A-4BD9-9B01-C57C9413549A}.Release|x64.ActiveCfg = Release|x64
		{EB6CFAC4-6C8A-4BD9-9B01-C57C9413549A}.Release|x64.Build.0 = Release|x64
		{EB6CFAC4-6C8A-4BD9-9B01-C57C9413549A}.Release|x86.ActiveCfg = Release|Win32
		{EB6CFAC4-6C8A-4BD9-9B01-C57C9413549A}.Release|x86.Build.0 = Release|Win32
		{09F4C796-8B52-40DD-84A7-77C151F7DEB8}.Debug|x64.ActiveCfg = Debug|x64
		{09F4C796-8B52-40DD-84A7-77C151F7DEB8}.Debug|x64.Build.0 = Debug|x64
		{09F4C796-8B52-40DD-84A7-77C151F7DEB8}.Debug|x86.ActiveCfg = Debug|Win32
		{09F4C796-8B52-40DD-84A7-77C151F7DEB8}.Debug|x86.Build.0 = Debug|Win32
		{09F4C796-8B52-40DD-84A7-77C151F7DEB8}.Release|x64.ActiveCfg = Release|x64
		{09F4C796-8B52-40DD-84A7-77C151F7DEB8}.Release|x64.Build.0 = Release|x64
		{09F4C796-8B52-40DD-84A7-77C151F7DEB8}.Release|x86.ActiveCfg = Release|Win32
		{09F4C796-8B52-40DD-84A7-77C151F7DEB8}.Release|x86.Build.0 = Release|Win32
		{78B6BDE5-449F-4801-819F-C7EBFD001B7D}.Debug|x64.ActiveCfg = Debug|x64
		{78B6BDE5-449F-4801-819F-C7EBFD001B7D}.Debug|x64.Build.0 = Debug|x64
		{78B6BDE5-449F-4801-819F-C7EBFD001B7D}.Debug|x86.ActiveCfg = Debug|Win32
		{78B6BDE5-449F-4801-819F-C7EBFD001B7D}.Debug|x86.Build.0 = Debug|Win32
		{78B6BDE5-449F-4801-819F-C7EBFD001B7D}.Release|x64.ActiveCfg = Release|x64
		{78B6BDE5-449F-4801-819F-C7EBFD001B7D}.Release|x64.Build.0 = Release|x64
		{78B6BDE5-449F-4801-819F-C7EBFD001B7D}.Release|x86.ActiveCfg = Release|Win32
		{78B6BDE5-449F-4801-819F-C7EBFD001B7D}.Release|x86.Build.0 = Release|Win32
		{B915AB0A-3CCD-4CEB-9D03-97EB01610225}.Debug|x64.ActiveCfg = Debug|x64
		{B915AB0A-3CCD-4CEB-9D03-97EB01610225}.Debug|x64.Build.0 = Debug|x64
		{B915AB0A-3CCD-4CEB-9D03-97EB01610225}.Debug|x86.ActiveCfg = Debug|Win32
		{B915AB0A-3CCD-4CEB-9D03-97EB01610225}.Debug|x86.Build.0 = Debug|Win32
		{B915AB0A-3CCD-4CEB-9D03-97EB01610225}.Release|x64.ActiveCfg = Release|x64
		{B915AB0A-3CCD-4CEB-9D03-97EB01610225}.Release|x64.Build.0 = Release|x64
		{B915AB0A-3CCD-4CEB-9D03-97EB01610225}.Release|x86.ActiveCfg = Release|Win32
		{B915AB0A-3CCD-4CEB-9D03-97EB01610225}.Release|x86.Build.0 = Release|Win32
		{FE5FF66A-2F09-492E-BE0C-2DF773CB133D}.Debug|x64.ActiveCfg = Debug|x64
		{FE5FF66A-2F09-492E-BE0C-2DF773CB133D}.Debug|x64.Build.0 = Debug|x64
		{FE5FF66A-2F09-492E-BE0C-2DF773CB133D}.Debug|x86.ActiveCfg = Debug|Win32
		{FE5FF66A-2F09-492E-BE0C-2DF773CB133D}.Debug|x86.Build.0 = Debug|Win32
		{FE5FF66A-2F09-492E-BE0C-2DF773CB133D}.Release|x64.ActiveCfg = Release|x64
		{FE5FF66A-2F09-492E-BE0C-2DF773CB133D}.Release|x64.Build.0 = Release|x64
		{FE5FF66A-2F09-492E-BE0C-2DF773CB133D}.Release|x86.ActiveCfg = Release|Win32
		{FE5FF66A-2F09-492E-BE0C-2DF773CB133D}.Release|x86.Build.0 = Release|Win32
		{237D8A10-63BF-45E6-A2D1-FB7B454B4B3D}.Debug|x64.ActiveCfg = Debug|x64
		{237D8A10-63BF-45E6-A2D1-FB7B454B4B3D}.Debug|x64.Build.0 = Debug|x64
		{237D8A10-63BF-45E6-A2D1-FB7B454B4B3D}.Debug|x86.ActiveCfg = Debug|Win32
		{237D8A10-63BF-45E6-A2D1-FB7B454B4B3D}.Debug|x86.Build.0 = Debug|Win32
		{237D8A10-63BF-45E6-A2D1-FB7B454B4B3D}.Release|x64.ActiveCfg = Release|x64
		{237D8A10-63BF-45E6-A2D1-FB7B454B4B3D}.Release|x64.Build.0 = Release|x64
		{237D8A10-63BF-45E6-A2D1-FB7B454B4B3D}.Release|x86.ActiveCfg = Release|Win32
		{237D8A10-63BF-45E6-A2D1-FB7B454B4B3D}.Release|x86.Build.0 = Release|Win32
		{043D67DA-ACE3-4A16-85BB-2FF567447643}.Debug|x64.ActiveCfg = Debug|x64
		{043D67DA-ACE3-4A16-85BB-2FF567447643}.Debug|x64.Build.0 = Debug|x64
		{043D67DA-ACE3-4A16-85BB-2FF567447643}.Debug|x86.ActiveCfg = Debug|Win32
		{043D67DA-ACE3-4A16-85BB-2FF567447643}.Debug|x86.Build.0 = Debug|Win32
		{043D67DA-ACE3-4A16-85BB-2FF567447643}.Release|x64.ActiveCfg = Release|x64
		{043D67DA-ACE3-4A16-85BB-2FF567447643}.Release|x64.Build.0 = Release|x64
		{043D67DA-ACE3-4A16-85BB-2FF567447643}.Release|x86.ActiveCfg = Release|Win32
		{043D67DA-ACE3-4A16-85BB-2FF567447643}.Release|x86.Build.0 = Release|Win32
		{EFDEFD8F-D2E2-4A07-BFB0-E3D72F29E916}.Debug|x64.ActiveCfg = Debug|x64
		{EFDEFD8F-D2E2-4A07-BFB0-E3D72F29E916}.Debug|x64.Build.0 = Debug|x64
		{EFDEFD8F-D2E2-4A07-BFB0-E3D72F29E916}.Debug|x86.ActiveCfg = Debug|Win32
		{EFDEFD8F-D2E2-4A07-BFB0-E3D72F29E916}.Debug|x86.Build.0 = Debug|Win32
		{EFDEFD8F-D2E2-4A07-BFB0-E3D72F29E916}.Release|x64.ActiveCfg = Release|x64
		{EFDEFD8F-D2E2-4A07-BFB0-E3D72F29E916}.Release|x64.Build.0 = Release|x64
		{EFDEFD8F-D2E2-4A07-BFB0-E3D72F29E916}.Release|x86.ActiveCfg = Release|Win32
		{EFDEFD8F-D2E2-4A07-BFB0-E3D72F29E916}.Release|x86.Build.0 = Release|Win32
		{A5CD4733-0265-40AE-A258-3196A76E53E3}.Debug|x64.ActiveCfg = Debug|x64
		{A5CD4733-0265-40AE-A258-3196A76E53E3}.Debug|x64.Build.0 = Debug|x64
		{A5CD4733-0265-40AE-A258-3196A76E53E3}.Debug|x86.ActiveCfg = Debug|Win32
		{A5CD4733-0265-40AE-A258-3196A76E53E3}.Debug|x86.Build.0 = Debug|Win32
		{A5CD4733-0265-40AE-A258-3196A76E53E3}.Release|x64.ActiveCfg = Release|x64
		{A5CD4733-0265-40AE-A258-3196A76E53E3}.Release|x64.Build.0 = Release|x64
		{A5CD4733-0265-40AE-A258-3196A76E53E3}.Release|x86.ActiveCfg = Release|Win32
		{A5CD4733-0265-40AE-A258-3196A76E53E3}.Release|x86.Build.0 = Release|Win32
		{0FBAD874-5243-4496-8293-CFDA367A374B}.Debug|x64.ActiveCfg = Debug|x64
		{0FBAD874-5243-4496-8293-CFDA367A374B}.Debug|x64.Build.0 = Debug|x64
		{0FBAD874-5243-4496-8293-CFDA367A374B}.Debug|x86.ActiveCfg = Debug|Win32
		{0FBAD874-5243-4496-8293-CFDA367A374B}.Debug|x86.Build.0 = Debug|Win32
		{0FBAD874-5243-4496-8293-CFDA367A374B}.Release|x64.ActiveCfg = Release|x64
		{0FBAD874-5243-4496-8293-CFDA367A374B}.Release|x64.Build.0 = Release|x64
		{0FBAD874-5243-4496-8293-CFDA367A374B}.Release|x86.ActiveCfg = Release|Win32
		{0FBAD874-5243-4496-8293-CFDA367A374B}.Release|x86.Build.0 = Release|Win32
		{ACBB0F0B-D9D4-48F5-867E-CCF7C728B454}.Debug|x64.ActiveCfg = Debug|x64
		{ACBB0F0B-D9D4-48F5-867E-CCF7C728B454}.Debug|x64.Build.0 = Debug|x64
		{ACBB0F0B-D9D4-48F5-867E-CCF7C728B454}.Debug|x86.ActiveCfg = Debug|Win32
		{ACBB0F0B-D9D4-48F5-867E-CCF7C728B454}.Debug|x86.Build.0 = Debug|Win32
		{ACBB0F0B-D9D4-48F5-867E-CCF7C728B454}.Release|x64.ActiveCfg = Release|x64
		{ACBB0F0B-D9D4-48F5-867E-CCF7C728B454}.Release|x64.Build.0 = Release|x64
		{ACBB0F0B-D9D4-48F5-867E-CCF7C728B454}.Release|x86.ActiveCfg = Release|Win32
		{ACBB0F0B-D9D4-48F5-867E-CCF7C728B454}.Release|x86.Build.0 = Release|Win32
		{AE9BB89F-654B-4C63-9910-E8810D355A88}.Debug|x64.ActiveCfg = Debug|x64
		{AE9BB89F-654B-4C63-9910-E8810D355A88}.Debug|x64.Build.0 = Debug|x64
		{AE9BB89F-654B-4C63-9910-E8810D355A88}.Debug|x86.ActiveCfg = Debug|Win32
		{AE9BB89F-654B-4C63-9910-E8810D355A88}.Debug|x86.Build.0 = Debug|Win32
		{AE9BB89F-654B-4C63-9910-E8810D355A88}.Release|x64.ActiveCfg = Release|x64
		{AE9BB89F-654B-4C63-9910-E8810D355A88}.Release|x64.Build.0 = Release|x64
		{AE9BB89F-654B-4C63-9910-E8810D355A88}.Release|x86.ActiveCfg = Release|Win32
		{AE9BB89F-654B-4C63-9910-E8810D355A88}.Release|x86.Build.0 = Release|Win32
		{548F7792-F20C-40C1-80A3-D7936BFCB1BC}.Debug|x64.ActiveCfg = Debug|x64
		{548F7792-F20C-40C1-80A3-D7936BFCB1BC}.Debug|x64.Build.0 = Debug|x64
		{548F7792-F20C-40C1-80A3-D7936BFCB1BC}.Debug|x86.ActiveCfg = Debug|Win32
		{548F7792-F20C-40C1-80A3-D7936BFCB1BC}.Debug|x86.Build.0 = Debug|Win32
		{548F7792-F20C-40C1-80A3-D7936BFCB1BC}.Release|x64.ActiveCfg = Release|x64
		{548F7792-F20C-40C1-80A3-D7936BFCB1BC}.Release|x64.Build.0 = Release|x64
		{548F7792-F20C-40C1-80A3-D7936BFCB1BC}.Release|x86.ActiveCfg = Release|Win32
		{548F7792-F20C-40C1-80A3-D7936BFCB1BC}.Release|x86.Build.0 = Release|Win32
		{FE31600E-7B8F-4712-BC4C-C9FF9A250E98}.Debug|x64.ActiveCfg = Debug|x64
		{FE31600E-7B8F-4712-BC4C-C9FF9A250E98}.Debug|x64.Build.0 = Debug|x64
		{FE31600E-7B8F-4712-BC4C-C9FF9A250E98}.Debug|x86.ActiveCfg = Debug|Win32
		{FE31600E-7B8F-4712-BC4C-C9FF9A250E98}.Debug|x86.Build.0 = Debug|Win32
		{FE31600E-7B8F-4712-BC4C-C9FF9A250E98}.Release|x64.ActiveCfg = Release|x64
		{FE31600E-7B8F-4712-BC4C-C9FF9A250E98}.Release|x64.Build.0 = Release|x64
		{FE31600E-7B8F-4712-BC4C-C9FF9A250E98}.Release|x86.ActiveCfg = Release|Win32
		{FE31600E-7B8F-4712-BC4C-C9FF9A250E98}.Release|x86.Build.0 = Release|Win32
		{08443BCA-8A55-4A43-98FF-47CA28CD1D01}.Debug|x64.ActiveCfg = Debug|x64
		{08443BCA-8A55-4A43-98FF-47CA28CD1D01}.Debug|x64.Build.0 = Debug|x64
		{08443BCA-8A55-4A43-98FF-47CA28CD1D01}.Debug|x86.ActiveCfg = Debug|Win32
		{08443BCA-8A55-4A43-98FF-47CA28CD1D01}.Debug|x86.Build.0 = Debug|Win32
		{08443BCA-8A55-4A43-98FF-47CA28CD1D01}.Release|x64.ActiveCfg = Release|x64
		{08443BCA-8A55-4A43-98FF-47CA28CD1D01}.Release|x64.Build.0 = Release|x64
		{08443BCA-8A55-4A43-98FF-47CA28CD1D01}.Release|x86.ActiveCfg = Release|Win32
		{08443BCA-8A55-4A43-98FF-47CA28CD1D01}.Release|x86.Build.0 = Release|Win32
		{983CCFAA-5114-42ED-AC20-296B5FF0C3F4}.Debug|x64.ActiveCfg = Debug|x64
		{983CCFAA-5114-42ED-AC20-296B5FF0C3F4}.Debug|x64.Build.0 = Debug|x64
		{983CCFAA-5114-42ED-AC20-296B5FF0C3F4}.Debug|x86.ActiveCfg = Debug|Win32
		{983CCFAA-5114-42ED-AC20-296B5FF0C3F4}.Debug|x86.Build.0 = Debug|Win32
		{983CCFAA-5114-42ED-AC20-296B5FF0C3F4}.Release|x64.ActiveCfg = Release|x64
		{983CCFAA-5114-42ED-AC20-296B5FF0C3F4}.Release|x64.Build.0 = Release|x64
		{983CCFAA-5114-42ED-AC20-296B5FF0C3F4}.Release|x86.ActiveCfg = Release|Win32
		{983CCFAA-5114-42ED-AC20-296B5FF0C3F4}.Release|x86.Build.0 = Release|Win32
		{4D6E54DE-6B14-4AA0-A147-09538359EA00}.Debug|x64.ActiveCfg = Debug|x64
		{4D6E54DE-6B14-4AA0-A147-09538359EA00}.Debug|x64.Build.0 = Debug|x64
		{4D6E54DE-6B14-4AA0-A147-09538359EA00}.Debug|x86.ActiveCfg = Debug|Win32
		{4D6E54DE-6B14-4AA0-A147-09538359EA00}.Debug|x86.Build.0 = Debug|Win32
		{4D6E54DE-6B14-4AA0-A147-09538359EA00}.Release|x64.ActiveCfg = Release|x64
		{4D6E54DE-6B14-4AA0-A147-09538359EA00}.Release|x64.Build.0 = Release|x64
		{4D6E54DE-6B14-4AA0-A147-09538359EA00}.Release|x86.ActiveCfg = Release|Win32
		{4D6E54DE-6B14-4AA0-A147-09538359EA00}.Release|x86.Build.0 = Release|Win32
		{4089FEE0-8BD9-4760-9598-14D39750E852}.Debug|x64.ActiveCfg = Debug|x64
		{4089FEE0-8BD9-4760-9598-14D39750E852}.Debug|x64.Build.0 = Debug|x64
		{4089FEE0-8BD9-4760-9598-14D39750E852}.Debug|x86.ActiveCfg = Debug|Win32
		{4089FEE0-8BD9-4760-9598-14D39750E852}.Debug|x86.Build.0 = Debug|Win32
		{4089FEE0-8BD9-4760-9598-14D39750E852}.Release|x64.ActiveCfg = Release|x64
		{4089FEE0-8BD9-4760-9598-14D39750E852}.Release|x64.Build.0 = Release|x64
		{4089FEE0-8BD9-4760-9598-14D39750E852}.Release|x86.ActiveCfg = Release|Win32
		{4089FEE0-8BD9-4760-9598-14D39750E852}.Release|x86.Build.0 = Release|Win32
	EndGlobalSection
	GlobalSection(SolutionProperties) = preSolution
		HideSolutionNode = FALSE
	EndGlobalSection
EndGlobal
